// !$*UTF8*$!
{
	archiveVersion = 1;
	classes = {
	};
	objectVersion = 56;
	objects = {

/* Begin PBXBuildFile section */
		B13D0D2A2C5A83DF00048280 /* AppDelegate.swift in Sources */ = {isa = PBXBuildFile; fileRef = B13D0D292C5A83DF00048280 /* AppDelegate.swift */; };
		B13D0D2C2C5A83DF00048280 /* SceneDelegate.swift in Sources */ = {isa = PBXBuildFile; fileRef = B13D0D2B2C5A83DF00048280 /* SceneDelegate.swift */; };
		B13D0D2E2C5A83DF00048280 /* ViewController.swift in Sources */ = {isa = PBXBuildFile; fileRef = B13D0D2D2C5A83DF00048280 /* ViewController.swift */; };
		B13D0D312C5A83DF00048280 /* Base in Resources */ = {isa = PBXBuildFile; fileRef = B13D0D302C5A83DF00048280 /* Base */; };
		B13D0D332C5A83E000048280 /* Assets.xcassets in Resources */ = {isa = PBXBuildFile; fileRef = B13D0D322C5A83E000048280 /* Assets.xcassets */; };
		B13D0D362C5A83E000048280 /* Base in Resources */ = {isa = PBXBuildFile; fileRef = B13D0D352C5A83E000048280 /* Base */; };
		B13D0D462C5A8C1300048280 /* DefaultRouter.swift in Sources */ = {isa = PBXBuildFile; fileRef = B13D0D452C5A8C1300048280 /* DefaultRouter.swift */; };
		B13D0D482C5A8CFD00048280 /* TabbarRouterRouter.swift in Sources */ = {isa = PBXBuildFile; fileRef = B13D0D472C5A8CFD00048280 /* TabbarRouterRouter.swift */; };
		B13D0D4E2C5A8E8E00048280 /* TabbarItem.swift in Sources */ = {isa = PBXBuildFile; fileRef = B13D0D4D2C5A8E8E00048280 /* TabbarItem.swift */; };
		B13D0D502C5A8F4F00048280 /* Localizable.strings in Resources */ = {isa = PBXBuildFile; fileRef = B13D0D4F2C5A8F4F00048280 /* Localizable.strings */; };
		B13D0D552C5A8F8A00048280 /* Logger.swift in Sources */ = {isa = PBXBuildFile; fileRef = B13D0D542C5A8F8A00048280 /* Logger.swift */; };
		B13D0D592C5A905000048280 /* TabBarController.swift in Sources */ = {isa = PBXBuildFile; fileRef = B13D0D582C5A905000048280 /* TabBarController.swift */; };
		B13D0D5B2C5A906C00048280 /* TabBarViewModel.swift in Sources */ = {isa = PBXBuildFile; fileRef = B13D0D5A2C5A906B00048280 /* TabBarViewModel.swift */; };
		B13D0D5D2C5A909E00048280 /* UIViewController+Extension.swift in Sources */ = {isa = PBXBuildFile; fileRef = B13D0D5C2C5A909E00048280 /* UIViewController+Extension.swift */; };
		B13D0D5F2C5A90B500048280 /* String+Extension.swift in Sources */ = {isa = PBXBuildFile; fileRef = B13D0D5E2C5A90B500048280 /* String+Extension.swift */; };
		B13D0D672C5A96CD00048280 /* MessengerViewController.swift in Sources */ = {isa = PBXBuildFile; fileRef = B13D0D662C5A96CD00048280 /* MessengerViewController.swift */; };
		B13D0D692C5A971C00048280 /* MessengerViewModel.swift in Sources */ = {isa = PBXBuildFile; fileRef = B13D0D682C5A971C00048280 /* MessengerViewModel.swift */; };
		B13D0D6B2C5AAB0E00048280 /* ShaadiHorizontalImageCarouselSwiftUIViewConfig.swift in Sources */ = {isa = PBXBuildFile; fileRef = B13D0D6A2C5AAB0E00048280 /* ShaadiHorizontalImageCarouselSwiftUIViewConfig.swift */; };
		B13D0D6D2C5AAC6900048280 /* HorizontalImageCarousel.swift in Sources */ = {isa = PBXBuildFile; fileRef = B13D0D6C2C5AAC6900048280 /* HorizontalImageCarousel.swift */; };
		B13D0D6F2C5AAF8300048280 /* BadgeSwiftUIView.swift in Sources */ = {isa = PBXBuildFile; fileRef = B13D0D6E2C5AAF8300048280 /* BadgeSwiftUIView.swift */; };
/* End PBXBuildFile section */

/* Begin PBXFileReference section */
		B13D0D262C5A83DF00048280 /* Shaadi-iOS.app */ = {isa = PBXFileReference; explicitFileType = wrapper.application; includeInIndex = 0; path = "Shaadi-iOS.app"; sourceTree = BUILT_PRODUCTS_DIR; };
		B13D0D292C5A83DF00048280 /* AppDelegate.swift */ = {isa = PBXFileReference; lastKnownFileType = sourcecode.swift; path = AppDelegate.swift; sourceTree = "<group>"; };
		B13D0D2B2C5A83DF00048280 /* SceneDelegate.swift */ = {isa = PBXFileReference; lastKnownFileType = sourcecode.swift; path = SceneDelegate.swift; sourceTree = "<group>"; };
		B13D0D2D2C5A83DF00048280 /* ViewController.swift */ = {isa = PBXFileReference; lastKnownFileType = sourcecode.swift; path = ViewController.swift; sourceTree = "<group>"; };
		B13D0D302C5A83DF00048280 /* Base */ = {isa = PBXFileReference; lastKnownFileType = file.storyboard; name = Base; path = Base.lproj/Main.storyboard; sourceTree = "<group>"; };
		B13D0D322C5A83E000048280 /* Assets.xcassets */ = {isa = PBXFileReference; lastKnownFileType = folder.assetcatalog; path = Assets.xcassets; sourceTree = "<group>"; };
		B13D0D352C5A83E000048280 /* Base */ = {isa = PBXFileReference; lastKnownFileType = file.storyboard; name = Base; path = Base.lproj/LaunchScreen.storyboard; sourceTree = "<group>"; };
		B13D0D372C5A83E000048280 /* Info.plist */ = {isa = PBXFileReference; lastKnownFileType = text.plist.xml; path = Info.plist; sourceTree = "<group>"; };
		B13D0D452C5A8C1300048280 /* DefaultRouter.swift */ = {isa = PBXFileReference; lastKnownFileType = sourcecode.swift; path = DefaultRouter.swift; sourceTree = "<group>"; };
		B13D0D472C5A8CFD00048280 /* TabbarRouterRouter.swift */ = {isa = PBXFileReference; lastKnownFileType = sourcecode.swift; path = TabbarRouterRouter.swift; sourceTree = "<group>"; };
		B13D0D4D2C5A8E8E00048280 /* TabbarItem.swift */ = {isa = PBXFileReference; lastKnownFileType = sourcecode.swift; path = TabbarItem.swift; sourceTree = "<group>"; };
		B13D0D4F2C5A8F4F00048280 /* Localizable.strings */ = {isa = PBXFileReference; fileEncoding = 4; lastKnownFileType = text.plist.strings; path = Localizable.strings; sourceTree = "<group>"; };
		B13D0D542C5A8F8A00048280 /* Logger.swift */ = {isa = PBXFileReference; lastKnownFileType = sourcecode.swift; path = Logger.swift; sourceTree = "<group>"; };
		B13D0D582C5A905000048280 /* TabBarController.swift */ = {isa = PBXFileReference; lastKnownFileType = sourcecode.swift; path = TabBarController.swift; sourceTree = "<group>"; };
		B13D0D5A2C5A906B00048280 /* TabBarViewModel.swift */ = {isa = PBXFileReference; lastKnownFileType = sourcecode.swift; path = TabBarViewModel.swift; sourceTree = "<group>"; };
		B13D0D5C2C5A909E00048280 /* UIViewController+Extension.swift */ = {isa = PBXFileReference; lastKnownFileType = sourcecode.swift; path = "UIViewController+Extension.swift"; sourceTree = "<group>"; };
		B13D0D5E2C5A90B500048280 /* String+Extension.swift */ = {isa = PBXFileReference; lastKnownFileType = sourcecode.swift; path = "String+Extension.swift"; sourceTree = "<group>"; };
		B13D0D662C5A96CD00048280 /* MessengerViewController.swift */ = {isa = PBXFileReference; lastKnownFileType = sourcecode.swift; path = MessengerViewController.swift; sourceTree = "<group>"; };
		B13D0D682C5A971C00048280 /* MessengerViewModel.swift */ = {isa = PBXFileReference; lastKnownFileType = sourcecode.swift; path = MessengerViewModel.swift; sourceTree = "<group>"; };
		B13D0D6A2C5AAB0E00048280 /* ShaadiHorizontalImageCarouselSwiftUIViewConfig.swift */ = {isa = PBXFileReference; lastKnownFileType = sourcecode.swift; path = ShaadiHorizontalImageCarouselSwiftUIViewConfig.swift; sourceTree = "<group>"; };
		B13D0D6C2C5AAC6900048280 /* HorizontalImageCarousel.swift */ = {isa = PBXFileReference; lastKnownFileType = sourcecode.swift; path = HorizontalImageCarousel.swift; sourceTree = "<group>"; };
		B13D0D6E2C5AAF8300048280 /* BadgeSwiftUIView.swift */ = {isa = PBXFileReference; lastKnownFileType = sourcecode.swift; path = BadgeSwiftUIView.swift; sourceTree = "<group>"; };
/* End PBXFileReference section */

/* Begin PBXFrameworksBuildPhase section */
		B13D0D232C5A83DF00048280 /* Frameworks */ = {
			isa = PBXFrameworksBuildPhase;
			buildActionMask = 2147483647;
			files = (
			);
			runOnlyForDeploymentPostprocessing = 0;
		};
/* End PBXFrameworksBuildPhase section */

/* Begin PBXGroup section */
		B13D0D1D2C5A83DF00048280 = {
			isa = PBXGroup;
			children = (
				B13D0D282C5A83DF00048280 /* Shaadi-iOS */,
				B13D0D272C5A83DF00048280 /* Products */,
			);
			sourceTree = "<group>";
		};
		B13D0D272C5A83DF00048280 /* Products */ = {
			isa = PBXGroup;
			children = (
				B13D0D262C5A83DF00048280 /* Shaadi-iOS.app */,
			);
			name = Products;
			sourceTree = "<group>";
		};
		B13D0D282C5A83DF00048280 /* Shaadi-iOS */ = {
			isa = PBXGroup;
			children = (
				B13D0D492C5A8DD300048280 /* Screen */,
				B13D0D3F2C5A8B7200048280 /* Localized */,
				B13D0D402C5A8B8A00048280 /* Extenstion */,
				B13D0D3E2C5A8B3B00048280 /* Router */,
				B13D0D522C5A8F7A00048280 /* Logger */,
				B13D0D412C5A8BAC00048280 /* DesignSystem */,
				B13D0D602C5A92D600048280 /* Networking */,
				B13D0D292C5A83DF00048280 /* AppDelegate.swift */,
				B13D0D2B2C5A83DF00048280 /* SceneDelegate.swift */,
				B13D0D2D2C5A83DF00048280 /* ViewController.swift */,
				B13D0D2F2C5A83DF00048280 /* Main.storyboard */,
				B13D0D322C5A83E000048280 /* Assets.xcassets */,
				B13D0D342C5A83E000048280 /* LaunchScreen.storyboard */,
				B13D0D372C5A83E000048280 /* Info.plist */,
			);
			path = "Shaadi-iOS";
			sourceTree = "<group>";
		};
		B13D0D3E2C5A8B3B00048280 /* Router */ = {
			isa = PBXGroup;
			children = (
				B13D0D442C5A8BF500048280 /* DefaultRouter */,
			);
			path = Router;
			sourceTree = "<group>";
		};
		B13D0D3F2C5A8B7200048280 /* Localized */ = {
			isa = PBXGroup;
			children = (
				B13D0D4F2C5A8F4F00048280 /* Localizable.strings */,
			);
			path = Localized;
			sourceTree = "<group>";
		};
		B13D0D402C5A8B8A00048280 /* Extenstion */ = {
			isa = PBXGroup;
			children = (
				B13D0D5C2C5A909E00048280 /* UIViewController+Extension.swift */,
				B13D0D5E2C5A90B500048280 /* String+Extension.swift */,
			);
			path = Extenstion;
			sourceTree = "<group>";
		};
		B13D0D412C5A8BAC00048280 /* DesignSystem */ = {
			isa = PBXGroup;
			children = (
				B13D0D432C5A8BE400048280 /* UIKit */,
				B13D0D422C5A8BDC00048280 /* SwiftUI */,
			);
			path = DesignSystem;
			sourceTree = "<group>";
		};
		B13D0D422C5A8BDC00048280 /* SwiftUI */ = {
			isa = PBXGroup;
			children = (
				B13D0D6A2C5AAB0E00048280 /* ShaadiHorizontalImageCarouselSwiftUIViewConfig.swift */,
				B13D0D6E2C5AAF8300048280 /* BadgeSwiftUIView.swift */,
			);
			path = SwiftUI;
			sourceTree = "<group>";
		};
		B13D0D432C5A8BE400048280 /* UIKit */ = {
			isa = PBXGroup;
			children = (
			);
			path = UIKit;
			sourceTree = "<group>";
		};
		B13D0D442C5A8BF500048280 /* DefaultRouter */ = {
			isa = PBXGroup;
			children = (
				B13D0D452C5A8C1300048280 /* DefaultRouter.swift */,
				B13D0D472C5A8CFD00048280 /* TabbarRouterRouter.swift */,
			);
			path = DefaultRouter;
			sourceTree = "<group>";
		};
		B13D0D492C5A8DD300048280 /* Screen */ = {
			isa = PBXGroup;
			children = (
				B13D0D4B2C5A8E3000048280 /* Messenger */,
				B13D0D4A2C5A8E2300048280 /* Tabbar */,
			);
			path = Screen;
			sourceTree = "<group>";
		};
		B13D0D4A2C5A8E2300048280 /* Tabbar */ = {
			isa = PBXGroup;
			children = (
				B13D0D572C5A903800048280 /* View */,
				B13D0D562C5A903200048280 /* ViewModel */,
				B13D0D4C2C5A8E7D00048280 /* DTO */,
			);
			path = Tabbar;
			sourceTree = "<group>";
		};
		B13D0D4B2C5A8E3000048280 /* Messenger */ = {
			isa = PBXGroup;
			children = (
				B13D0D642C5A96B200048280 /* ViewModel */,
				B13D0D632C5A96A800048280 /* View */,
			);
			path = Messenger;
			sourceTree = "<group>";
		};
		B13D0D4C2C5A8E7D00048280 /* DTO */ = {
			isa = PBXGroup;
			children = (
				B13D0D4D2C5A8E8E00048280 /* TabbarItem.swift */,
			);
			path = DTO;
			sourceTree = "<group>";
		};
		B13D0D522C5A8F7A00048280 /* Logger */ = {
			isa = PBXGroup;
			children = (
				B13D0D542C5A8F8A00048280 /* Logger.swift */,
			);
			path = Logger;
			sourceTree = "<group>";
		};
		B13D0D562C5A903200048280 /* ViewModel */ = {
			isa = PBXGroup;
			children = (
				B13D0D5A2C5A906B00048280 /* TabBarViewModel.swift */,
			);
			path = ViewModel;
			sourceTree = "<group>";
		};
		B13D0D572C5A903800048280 /* View */ = {
			isa = PBXGroup;
			children = (
				B13D0D582C5A905000048280 /* TabBarController.swift */,
			);
			path = View;
			sourceTree = "<group>";
		};
		B13D0D602C5A92D600048280 /* Networking */ = {
			isa = PBXGroup;
			children = (
				B13D0D622C5A930400048280 /* Model */,
				B13D0D612C5A92E400048280 /* Services */,
			);
			path = Networking;
			sourceTree = "<group>";
		};
		B13D0D612C5A92E400048280 /* Services */ = {
			isa = PBXGroup;
			children = (
			);
			path = Services;
			sourceTree = "<group>";
		};
		B13D0D622C5A930400048280 /* Model */ = {
			isa = PBXGroup;
			children = (
				B13D0D6C2C5AAC6900048280 /* HorizontalImageCarousel.swift */,
			);
			path = Model;
			sourceTree = "<group>";
		};
		B13D0D632C5A96A800048280 /* View */ = {
			isa = PBXGroup;
			children = (
				B13D0D652C5A96B900048280 /* subviews */,
				B13D0D662C5A96CD00048280 /* MessengerViewController.swift */,
			);
			path = View;
			sourceTree = "<group>";
		};
		B13D0D642C5A96B200048280 /* ViewModel */ = {
			isa = PBXGroup;
			children = (
				B13D0D682C5A971C00048280 /* MessengerViewModel.swift */,
			);
			path = ViewModel;
			sourceTree = "<group>";
		};
		B13D0D652C5A96B900048280 /* subviews */ = {
			isa = PBXGroup;
			children = (
			);
			path = subviews;
			sourceTree = "<group>";
		};
/* End PBXGroup section */

/* Begin PBXNativeTarget section */
		B13D0D252C5A83DF00048280 /* Shaadi-iOS */ = {
			isa = PBXNativeTarget;
			buildConfigurationList = B13D0D3A2C5A83E000048280 /* Build configuration list for PBXNativeTarget "Shaadi-iOS" */;
			buildPhases = (
				B13D0D222C5A83DF00048280 /* Sources */,
				B13D0D232C5A83DF00048280 /* Frameworks */,
				B13D0D242C5A83DF00048280 /* Resources */,
			);
			buildRules = (
			);
			dependencies = (
			);
			name = "Shaadi-iOS";
			productName = "Shaadi-iOS";
			productReference = B13D0D262C5A83DF00048280 /* Shaadi-iOS.app */;
			productType = "com.apple.product-type.application";
		};
/* End PBXNativeTarget section */

/* Begin PBXProject section */
		B13D0D1E2C5A83DF00048280 /* Project object */ = {
			isa = PBXProject;
			attributes = {
				BuildIndependentTargetsInParallel = 1;
				LastSwiftUpdateCheck = 1540;
				LastUpgradeCheck = 1540;
				TargetAttributes = {
					B13D0D252C5A83DF00048280 = {
						CreatedOnToolsVersion = 15.4;
					};
				};
			};
			buildConfigurationList = B13D0D212C5A83DF00048280 /* Build configuration list for PBXProject "Shaadi-iOS" */;
			compatibilityVersion = "Xcode 14.0";
			developmentRegion = en;
			hasScannedForEncodings = 0;
			knownRegions = (
				en,
				Base,
			);
			mainGroup = B13D0D1D2C5A83DF00048280;
			productRefGroup = B13D0D272C5A83DF00048280 /* Products */;
			projectDirPath = "";
			projectRoot = "";
			targets = (
				B13D0D252C5A83DF00048280 /* Shaadi-iOS */,
			);
		};
/* End PBXProject section */

/* Begin PBXResourcesBuildPhase section */
		B13D0D242C5A83DF00048280 /* Resources */ = {
			isa = PBXResourcesBuildPhase;
			buildActionMask = 2147483647;
			files = (
				B13D0D332C5A83E000048280 /* Assets.xcassets in Resources */,
				B13D0D502C5A8F4F00048280 /* Localizable.strings in Resources */,
				B13D0D362C5A83E000048280 /* Base in Resources */,
				B13D0D312C5A83DF00048280 /* Base in Resources */,
			);
			runOnlyForDeploymentPostprocessing = 0;
		};
/* End PBXResourcesBuildPhase section */

/* Begin PBXSourcesBuildPhase section */
		B13D0D222C5A83DF00048280 /* Sources */ = {
			isa = PBXSourcesBuildPhase;
			buildActionMask = 2147483647;
			files = (
				B13D0D672C5A96CD00048280 /* MessengerViewController.swift in Sources */,
				B13D0D462C5A8C1300048280 /* DefaultRouter.swift in Sources */,
				B13D0D5F2C5A90B500048280 /* String+Extension.swift in Sources */,
				B13D0D5B2C5A906C00048280 /* TabBarViewModel.swift in Sources */,
				B13D0D592C5A905000048280 /* TabBarController.swift in Sources */,
				B13D0D692C5A971C00048280 /* MessengerViewModel.swift in Sources */,
				B13D0D2E2C5A83DF00048280 /* ViewController.swift in Sources */,
				B13D0D482C5A8CFD00048280 /* TabbarRouterRouter.swift in Sources */,
				B13D0D2A2C5A83DF00048280 /* AppDelegate.swift in Sources */,
				B13D0D552C5A8F8A00048280 /* Logger.swift in Sources */,
				B13D0D6F2C5AAF8300048280 /* BadgeSwiftUIView.swift in Sources */,
				B13D0D6D2C5AAC6900048280 /* HorizontalImageCarousel.swift in Sources */,
				B13D0D4E2C5A8E8E00048280 /* TabbarItem.swift in Sources */,
				B13D0D5D2C5A909E00048280 /* UIViewController+Extension.swift in Sources */,
				B13D0D6B2C5AAB0E00048280 /* ShaadiHorizontalImageCarouselSwiftUIViewConfig.swift in Sources */,
				B13D0D2C2C5A83DF00048280 /* SceneDelegate.swift in Sources */,
			);
			runOnlyForDeploymentPostprocessing = 0;
		};
/* End PBXSourcesBuildPhase section */

/* Begin PBXVariantGroup section */
		B13D0D2F2C5A83DF00048280 /* Main.storyboard */ = {
			isa = PBXVariantGroup;
			children = (
				B13D0D302C5A83DF00048280 /* Base */,
			);
			name = Main.storyboard;
			sourceTree = "<group>";
		};
		B13D0D342C5A83E000048280 /* LaunchScreen.storyboard */ = {
			isa = PBXVariantGroup;
			children = (
				B13D0D352C5A83E000048280 /* Base */,
			);
			name = LaunchScreen.storyboard;
			sourceTree = "<group>";
		};
/* End PBXVariantGroup section */

/* Begin XCBuildConfiguration section */
		B13D0D382C5A83E000048280 /* Debug */ = {
			isa = XCBuildConfiguration;
			buildSettings = {
				ALWAYS_SEARCH_USER_PATHS = NO;
				ASSETCATALOG_COMPILER_GENERATE_SWIFT_ASSET_SYMBOL_EXTENSIONS = YES;
				CLANG_ANALYZER_NONNULL = YES;
				CLANG_ANALYZER_NUMBER_OBJECT_CONVERSION = YES_AGGRESSIVE;
				CLANG_CXX_LANGUAGE_STANDARD = "gnu++20";
				CLANG_ENABLE_MODULES = YES;
				CLANG_ENABLE_OBJC_ARC = YES;
				CLANG_ENABLE_OBJC_WEAK = YES;
				CLANG_WARN_BLOCK_CAPTURE_AUTORELEASING = YES;
				CLANG_WARN_BOOL_CONVERSION = YES;
				CLANG_WARN_COMMA = YES;
				CLANG_WARN_CONSTANT_CONVERSION = YES;
				CLANG_WARN_DEPRECATED_OBJC_IMPLEMENTATIONS = YES;
				CLANG_WARN_DIRECT_OBJC_ISA_USAGE = YES_ERROR;
				CLANG_WARN_DOCUMENTATION_COMMENTS = YES;
				CLANG_WARN_EMPTY_BODY = YES;
				CLANG_WARN_ENUM_CONVERSION = YES;
				CLANG_WARN_INFINITE_RECURSION = YES;
				CLANG_WARN_INT_CONVERSION = YES;
				CLANG_WARN_NON_LITERAL_NULL_CONVERSION = YES;
				CLANG_WARN_OBJC_IMPLICIT_RETAIN_SELF = YES;
				CLANG_WARN_OBJC_LITERAL_CONVERSION = YES;
				CLANG_WARN_OBJC_ROOT_CLASS = YES_ERROR;
				CLANG_WARN_QUOTED_INCLUDE_IN_FRAMEWORK_HEADER = YES;
				CLANG_WARN_RANGE_LOOP_ANALYSIS = YES;
				CLANG_WARN_STRICT_PROTOTYPES = YES;
				CLANG_WARN_SUSPICIOUS_MOVE = YES;
				CLANG_WARN_UNGUARDED_AVAILABILITY = YES_AGGRESSIVE;
				CLANG_WARN_UNREACHABLE_CODE = YES;
				CLANG_WARN__DUPLICATE_METHOD_MATCH = YES;
				COPY_PHASE_STRIP = NO;
				DEBUG_INFORMATION_FORMAT = dwarf;
				ENABLE_STRICT_OBJC_MSGSEND = YES;
				ENABLE_TESTABILITY = YES;
				ENABLE_USER_SCRIPT_SANDBOXING = YES;
				GCC_C_LANGUAGE_STANDARD = gnu17;
				GCC_DYNAMIC_NO_PIC = NO;
				GCC_NO_COMMON_BLOCKS = YES;
				GCC_OPTIMIZATION_LEVEL = 0;
				GCC_PREPROCESSOR_DEFINITIONS = (
					"DEBUG=1",
					"$(inherited)",
				);
				GCC_WARN_64_TO_32_BIT_CONVERSION = YES;
				GCC_WARN_ABOUT_RETURN_TYPE = YES_ERROR;
				GCC_WARN_UNDECLARED_SELECTOR = YES;
				GCC_WARN_UNINITIALIZED_AUTOS = YES_AGGRESSIVE;
				GCC_WARN_UNUSED_FUNCTION = YES;
				GCC_WARN_UNUSED_VARIABLE = YES;
				IPHONEOS_DEPLOYMENT_TARGET = 17.5;
				LOCALIZATION_PREFERS_STRING_CATALOGS = YES;
				MTL_ENABLE_DEBUG_INFO = INCLUDE_SOURCE;
				MTL_FAST_MATH = YES;
				ONLY_ACTIVE_ARCH = YES;
				SDKROOT = iphoneos;
				SWIFT_ACTIVE_COMPILATION_CONDITIONS = "DEBUG $(inherited)";
				SWIFT_OPTIMIZATION_LEVEL = "-Onone";
			};
			name = Debug;
		};
		B13D0D392C5A83E000048280 /* Release */ = {
			isa = XCBuildConfiguration;
			buildSettings = {
				ALWAYS_SEARCH_USER_PATHS = NO;
				ASSETCATALOG_COMPILER_GENERATE_SWIFT_ASSET_SYMBOL_EXTENSIONS = YES;
				CLANG_ANALYZER_NONNULL = YES;
				CLANG_ANALYZER_NUMBER_OBJECT_CONVERSION = YES_AGGRESSIVE;
				CLANG_CXX_LANGUAGE_STANDARD = "gnu++20";
				CLANG_ENABLE_MODULES = YES;
				CLANG_ENABLE_OBJC_ARC = YES;
				CLANG_ENABLE_OBJC_WEAK = YES;
				CLANG_WARN_BLOCK_CAPTURE_AUTORELEASING = YES;
				CLANG_WARN_BOOL_CONVERSION = YES;
				CLANG_WARN_COMMA = YES;
				CLANG_WARN_CONSTANT_CONVERSION = YES;
				CLANG_WARN_DEPRECATED_OBJC_IMPLEMENTATIONS = YES;
				CLANG_WARN_DIRECT_OBJC_ISA_USAGE = YES_ERROR;
				CLANG_WARN_DOCUMENTATION_COMMENTS = YES;
				CLANG_WARN_EMPTY_BODY = YES;
				CLANG_WARN_ENUM_CONVERSION = YES;
				CLANG_WARN_INFINITE_RECURSION = YES;
				CLANG_WARN_INT_CONVERSION = YES;
				CLANG_WARN_NON_LITERAL_NULL_CONVERSION = YES;
				CLANG_WARN_OBJC_IMPLICIT_RETAIN_SELF = YES;
				CLANG_WARN_OBJC_LITERAL_CONVERSION = YES;
				CLANG_WARN_OBJC_ROOT_CLASS = YES_ERROR;
				CLANG_WARN_QUOTED_INCLUDE_IN_FRAMEWORK_HEADER = YES;
				CLANG_WARN_RANGE_LOOP_ANALYSIS = YES;
				CLANG_WARN_STRICT_PROTOTYPES = YES;
				CLANG_WARN_SUSPICIOUS_MOVE = YES;
				CLANG_WARN_UNGUARDED_AVAILABILITY = YES_AGGRESSIVE;
				CLANG_WARN_UNREACHABLE_CODE = YES;
				CLANG_WARN__DUPLICATE_METHOD_MATCH = YES;
				COPY_PHASE_STRIP = NO;
				DEBUG_INFORMATION_FORMAT = "dwarf-with-dsym";
				ENABLE_NS_ASSERTIONS = NO;
				ENABLE_STRICT_OBJC_MSGSEND = YES;
				ENABLE_USER_SCRIPT_SANDBOXING = YES;
				GCC_C_LANGUAGE_STANDARD = gnu17;
				GCC_NO_COMMON_BLOCKS = YES;
				GCC_WARN_64_TO_32_BIT_CONVERSION = YES;
				GCC_WARN_ABOUT_RETURN_TYPE = YES_ERROR;
				GCC_WARN_UNDECLARED_SELECTOR = YES;
				GCC_WARN_UNINITIALIZED_AUTOS = YES_AGGRESSIVE;
				GCC_WARN_UNUSED_FUNCTION = YES;
				GCC_WARN_UNUSED_VARIABLE = YES;
				IPHONEOS_DEPLOYMENT_TARGET = 17.5;
				LOCALIZATION_PREFERS_STRING_CATALOGS = YES;
				MTL_ENABLE_DEBUG_INFO = NO;
				MTL_FAST_MATH = YES;
				SDKROOT = iphoneos;
				SWIFT_COMPILATION_MODE = wholemodule;
				VALIDATE_PRODUCT = YES;
			};
			name = Release;
		};
		B13D0D3B2C5A83E000048280 /* Debug */ = {
			isa = XCBuildConfiguration;
			buildSettings = {
				ASSETCATALOG_COMPILER_APPICON_NAME = AppIcon;
				ASSETCATALOG_COMPILER_GLOBAL_ACCENT_COLOR_NAME = AccentColor;
				CODE_SIGN_STYLE = Automatic;
				CURRENT_PROJECT_VERSION = 1;
				GENERATE_INFOPLIST_FILE = YES;
				INFOPLIST_FILE = "Shaadi-iOS/Info.plist";
				INFOPLIST_KEY_UIApplicationSupportsIndirectInputEvents = YES;
				INFOPLIST_KEY_UILaunchStoryboardName = LaunchScreen;
				INFOPLIST_KEY_UIMainStoryboardFile = Main;
				INFOPLIST_KEY_UISupportedInterfaceOrientations_iPad = "UIInterfaceOrientationPortrait UIInterfaceOrientationPortraitUpsideDown UIInterfaceOrientationLandscapeLeft UIInterfaceOrientationLandscapeRight";
				INFOPLIST_KEY_UISupportedInterfaceOrientations_iPhone = "UIInterfaceOrientationPortrait UIInterfaceOrientationLandscapeLeft UIInterfaceOrientationLandscapeRight";
				LD_RUNPATH_SEARCH_PATHS = (
					"$(inherited)",
					"@executable_path/Frameworks",
				);
				MARKETING_VERSION = 1.0;
				PRODUCT_BUNDLE_IDENTIFIER = "com.demo.Shaadi-iOS";
				PRODUCT_NAME = "$(TARGET_NAME)";
				SWIFT_EMIT_LOC_STRINGS = YES;
				SWIFT_VERSION = 5.0;
				TARGETED_DEVICE_FAMILY = "1,2";
			};
			name = Debug;
		};
		B13D0D3C2C5A83E000048280 /* Release */ = {
			isa = XCBuildConfiguration;
			buildSettings = {
				ASSETCATALOG_COMPILER_APPICON_NAME = AppIcon;
				ASSETCATALOG_COMPILER_GLOBAL_ACCENT_COLOR_NAME = AccentColor;
				CODE_SIGN_STYLE = Automatic;
				CURRENT_PROJECT_VERSION = 1;
				GENERATE_INFOPLIST_FILE = YES;
				INFOPLIST_FILE = "Shaadi-iOS/Info.plist";
				INFOPLIST_KEY_UIApplicationSupportsIndirectInputEvents = YES;
				INFOPLIST_KEY_UILaunchStoryboardName = LaunchScreen;
				INFOPLIST_KEY_UIMainStoryboardFile = Main;
				INFOPLIST_KEY_UISupportedInterfaceOrientations_iPad = "UIInterfaceOrientationPortrait UIInterfaceOrientationPortraitUpsideDown UIInterfaceOrientationLandscapeLeft UIInterfaceOrientationLandscapeRight";
				INFOPLIST_KEY_UISupportedInterfaceOrientations_iPhone = "UIInterfaceOrientationPortrait UIInterfaceOrientationLandscapeLeft UIInterfaceOrientationLandscapeRight";
				LD_RUNPATH_SEARCH_PATHS = (
					"$(inherited)",
					"@executable_path/Frameworks",
				);
				MARKETING_VERSION = 1.0;
				PRODUCT_BUNDLE_IDENTIFIER = "com.demo.Shaadi-iOS";
				PRODUCT_NAME = "$(TARGET_NAME)";
				SWIFT_EMIT_LOC_STRINGS = YES;
				SWIFT_VERSION = 5.0;
				TARGETED_DEVICE_FAMILY = "1,2";
			};
			name = Release;
		};
/* End XCBuildConfiguration section */

/* Begin XCConfigurationList section */
		B13D0D212C5A83DF00048280 /* Build configuration list for PBXProject "Shaadi-iOS" */ = {
			isa = XCConfigurationList;
			buildConfigurations = (
				B13D0D382C5A83E000048280 /* Debug */,
				B13D0D392C5A83E000048280 /* Release */,
			);
			defaultConfigurationIsVisible = 0;
			defaultConfigurationName = Release;
		};
		B13D0D3A2C5A83E000048280 /* Build configuration list for PBXNativeTarget "Shaadi-iOS" */ = {
			isa = XCConfigurationList;
			buildConfigurations = (
				B13D0D3B2C5A83E000048280 /* Debug */,
				B13D0D3C2C5A83E000048280 /* Release */,
			);
			defaultConfigurationIsVisible = 0;
			defaultConfigurationName = Release;
		};
/* End XCConfigurationList section */
	};
	rootObject = B13D0D1E2C5A83DF00048280 /* Project object */;
}
