// !$*UTF8*$!
{
	archiveVersion = 1;
	classes = {
	};
	objectVersion = 56;
	objects = {

/* Begin PBXBuildFile section */
		01E201A62C39496000CD0C3C /* AppDelegate.swift in Sources */ = {isa = PBXBuildFile; fileRef = 01E201A52C39496000CD0C3C /* AppDelegate.swift */; };
		01E201A82C39496000CD0C3C /* SceneDelegate.swift in Sources */ = {isa = PBXBuildFile; fileRef = 01E201A72C39496000CD0C3C /* SceneDelegate.swift */; };
		01E201AF2C39496200CD0C3C /* Assets.xcassets in Resources */ = {isa = PBXBuildFile; fileRef = 01E201AE2C39496200CD0C3C /* Assets.xcassets */; };
		01E201B22C39496200CD0C3C /* Base in Resources */ = {isa = PBXBuildFile; fileRef = 01E201B12C39496200CD0C3C /* Base */; };
		01E201BD2C39496200CD0C3C /* iOSProjectShaadiTests.swift in Sources */ = {isa = PBXBuildFile; fileRef = 01E201BC2C39496200CD0C3C /* iOSProjectShaadiTests.swift */; };
		01E201C72C39496200CD0C3C /* iOSProjectShaadiUITests.swift in Sources */ = {isa = PBXBuildFile; fileRef = 01E201C62C39496200CD0C3C /* iOSProjectShaadiUITests.swift */; };
		01E201C92C39496200CD0C3C /* iOSProjectShaadiUITestsLaunchTests.swift in Sources */ = {isa = PBXBuildFile; fileRef = 01E201C82C39496200CD0C3C /* iOSProjectShaadiUITestsLaunchTests.swift */; };
		482B8AA62C4ADDB0003E7F06 /* LoginViewController.swift in Sources */ = {isa = PBXBuildFile; fileRef = 482B8AA42C4ADDB0003E7F06 /* LoginViewController.swift */; };
		482B8AAE2C4AE8F3003E7F06 /* KumbhSans-Regular.ttf in Resources */ = {isa = PBXBuildFile; fileRef = 482B8AAD2C4AE8F3003E7F06 /* KumbhSans-Regular.ttf */; };
		482B8AB02C4AE8F3003E7F06 /* KumbhSans-Regular.ttf in Resources */ = {isa = PBXBuildFile; fileRef = 482B8AAD2C4AE8F3003E7F06 /* KumbhSans-Regular.ttf */; };
		482B8AB22C4AE8F3003E7F06 /* KumbhSans-Regular.ttf in Resources */ = {isa = PBXBuildFile; fileRef = 482B8AAD2C4AE8F3003E7F06 /* KumbhSans-Regular.ttf */; };
		482B8AB62C4BF1E7003E7F06 /* KumbhSans-SemiBold.ttf in Resources */ = {isa = PBXBuildFile; fileRef = 482B8AB52C4BF1E7003E7F06 /* KumbhSans-SemiBold.ttf */; };
		482B8AB72C4BF1E7003E7F06 /* KumbhSans-SemiBold.ttf in Resources */ = {isa = PBXBuildFile; fileRef = 482B8AB52C4BF1E7003E7F06 /* KumbhSans-SemiBold.ttf */; };
		482B8AB82C4BF1E7003E7F06 /* KumbhSans-SemiBold.ttf in Resources */ = {isa = PBXBuildFile; fileRef = 482B8AB52C4BF1E7003E7F06 /* KumbhSans-SemiBold.ttf */; };
		482B8ABA2C4BF25C003E7F06 /* KumbhSans-Medium.ttf in Resources */ = {isa = PBXBuildFile; fileRef = 482B8AB92C4BF25C003E7F06 /* KumbhSans-Medium.ttf */; };
		482B8ABB2C4BF25C003E7F06 /* KumbhSans-Medium.ttf in Resources */ = {isa = PBXBuildFile; fileRef = 482B8AB92C4BF25C003E7F06 /* KumbhSans-Medium.ttf */; };
		482B8ABC2C4BF25C003E7F06 /* KumbhSans-Medium.ttf in Resources */ = {isa = PBXBuildFile; fileRef = 482B8AB92C4BF25C003E7F06 /* KumbhSans-Medium.ttf */; };
		482B8ABE2C4BF3FB003E7F06 /* LoginViewModel.swift in Sources */ = {isa = PBXBuildFile; fileRef = 482B8ABD2C4BF3F5003E7F06 /* LoginViewModel.swift */; };
		48B8D9B22C5763250033AB30 /* OTPViewController.swift in Sources */ = {isa = PBXBuildFile; fileRef = 48B8D9B12C57631E0033AB30 /* OTPViewController.swift */; };
		48B8D9B42C63666B0033AB30 /* OTPTextField.swift in Sources */ = {isa = PBXBuildFile; fileRef = 48B8D9B32C6366650033AB30 /* OTPTextField.swift */; };
		48B8D9B52C63666B0033AB30 /* OTPTextField.swift in Sources */ = {isa = PBXBuildFile; fileRef = 48B8D9B32C6366650033AB30 /* OTPTextField.swift */; };
		48B8D9B62C63666B0033AB30 /* OTPTextField.swift in Sources */ = {isa = PBXBuildFile; fileRef = 48B8D9B32C6366650033AB30 /* OTPTextField.swift */; };
		48B8D9B82C6376160033AB30 /* PasswordViewController.swift in Sources */ = {isa = PBXBuildFile; fileRef = 48B8D9B72C6376100033AB30 /* PasswordViewController.swift */; };
		ACD9FB272C5A52CA00F4728E /* GoogleSignIn in Frameworks */ = {isa = PBXBuildFile; productRef = ACD9FB262C5A52CA00F4728E /* GoogleSignIn */; };
		ACD9FB292C5A52CA00F4728E /* GoogleSignInSwift in Frameworks */ = {isa = PBXBuildFile; productRef = ACD9FB282C5A52CA00F4728E /* GoogleSignInSwift */; };
		B1F1365F2C6DCA1E00CB6F3A /* HorizontalImageCarousel.swift in Sources */ = {isa = PBXBuildFile; fileRef = B1F1363F2C6DCA1D00CB6F3A /* HorizontalImageCarousel.swift */; };
		B1F136612C6DCA1E00CB6F3A /* Logger.swift in Sources */ = {isa = PBXBuildFile; fileRef = B1F136432C6DCA1D00CB6F3A /* Logger.swift */; };
		B1F136622C6DCA1E00CB6F3A /* String+Extension.swift in Sources */ = {isa = PBXBuildFile; fileRef = B1F136452C6DCA1D00CB6F3A /* String+Extension.swift */; };
		B1F136632C6DCA1E00CB6F3A /* UIViewController+Extension.swift in Sources */ = {isa = PBXBuildFile; fileRef = B1F136462C6DCA1D00CB6F3A /* UIViewController+Extension.swift */; };
		B1F136642C6DCA1E00CB6F3A /* Localizable.strings in Resources */ = {isa = PBXBuildFile; fileRef = B1F136482C6DCA1D00CB6F3A /* Localizable.strings */; };
		B1F136652C6DCA1E00CB6F3A /* DefaultRouter.swift in Sources */ = {isa = PBXBuildFile; fileRef = B1F1364A2C6DCA1D00CB6F3A /* DefaultRouter.swift */; };
		B1F136662C6DCA1E00CB6F3A /* TabbarRouterRouter.swift in Sources */ = {isa = PBXBuildFile; fileRef = B1F1364B2C6DCA1D00CB6F3A /* TabbarRouterRouter.swift */; };
		B1F136672C6DCA1E00CB6F3A /* BadgeSwiftUIView.swift in Sources */ = {isa = PBXBuildFile; fileRef = B1F1364E2C6DCA1D00CB6F3A /* BadgeSwiftUIView.swift */; };
		B1F136682C6DCA1E00CB6F3A /* ShaadiHorizontalImageCarouselSwiftUIViewConfig.swift in Sources */ = {isa = PBXBuildFile; fileRef = B1F1364F2C6DCA1D00CB6F3A /* ShaadiHorizontalImageCarouselSwiftUIViewConfig.swift */; };
		B1F136692C6DCA1E00CB6F3A /* MessengerViewController.swift in Sources */ = {isa = PBXBuildFile; fileRef = B1F136522C6DCA1E00CB6F3A /* MessengerViewController.swift */; };
		B1F1366A2C6DCA1E00CB6F3A /* MessengerViewModel.swift in Sources */ = {isa = PBXBuildFile; fileRef = B1F136542C6DCA1E00CB6F3A /* MessengerViewModel.swift */; };
		B1F1366B2C6DCA1E00CB6F3A /* TabbarItem.swift in Sources */ = {isa = PBXBuildFile; fileRef = B1F136572C6DCA1E00CB6F3A /* TabbarItem.swift */; };
		B1F1366C2C6DCA1E00CB6F3A /* TabBarController.swift in Sources */ = {isa = PBXBuildFile; fileRef = B1F136592C6DCA1E00CB6F3A /* TabBarController.swift */; };
		B1F1366D2C6DCA1E00CB6F3A /* TabBarViewModel.swift in Sources */ = {isa = PBXBuildFile; fileRef = B1F1365B2C6DCA1E00CB6F3A /* TabBarViewModel.swift */; };
/* End PBXBuildFile section */

/* Begin PBXContainerItemProxy section */
		01E201B92C39496200CD0C3C /* PBXContainerItemProxy */ = {
			isa = PBXContainerItemProxy;
			containerPortal = 01E2019A2C39496000CD0C3C /* Project object */;
			proxyType = 1;
			remoteGlobalIDString = 01E201A12C39496000CD0C3C;
			remoteInfo = iOSProjectShaadi;
		};
		01E201C32C39496200CD0C3C /* PBXContainerItemProxy */ = {
			isa = PBXContainerItemProxy;
			containerPortal = 01E2019A2C39496000CD0C3C /* Project object */;
			proxyType = 1;
			remoteGlobalIDString = 01E201A12C39496000CD0C3C;
			remoteInfo = iOSProjectShaadi;
		};
/* End PBXContainerItemProxy section */

/* Begin PBXFileReference section */
		01E201A22C39496000CD0C3C /* iOSProjectShaadi.app */ = {isa = PBXFileReference; explicitFileType = wrapper.application; includeInIndex = 0; path = iOSProjectShaadi.app; sourceTree = BUILT_PRODUCTS_DIR; };
		01E201A52C39496000CD0C3C /* AppDelegate.swift */ = {isa = PBXFileReference; lastKnownFileType = sourcecode.swift; path = AppDelegate.swift; sourceTree = "<group>"; };
		01E201A72C39496000CD0C3C /* SceneDelegate.swift */ = {isa = PBXFileReference; lastKnownFileType = sourcecode.swift; path = SceneDelegate.swift; sourceTree = "<group>"; };
		01E201AE2C39496200CD0C3C /* Assets.xcassets */ = {isa = PBXFileReference; lastKnownFileType = folder.assetcatalog; path = Assets.xcassets; sourceTree = "<group>"; };
		01E201B12C39496200CD0C3C /* Base */ = {isa = PBXFileReference; lastKnownFileType = file.storyboard; name = Base; path = Base.lproj/LaunchScreen.storyboard; sourceTree = "<group>"; };
		01E201B32C39496200CD0C3C /* Info.plist */ = {isa = PBXFileReference; lastKnownFileType = text.plist.xml; path = Info.plist; sourceTree = "<group>"; };
		01E201B82C39496200CD0C3C /* iOSProjectShaadiTests.xctest */ = {isa = PBXFileReference; explicitFileType = wrapper.cfbundle; includeInIndex = 0; path = iOSProjectShaadiTests.xctest; sourceTree = BUILT_PRODUCTS_DIR; };
		01E201BC2C39496200CD0C3C /* iOSProjectShaadiTests.swift */ = {isa = PBXFileReference; lastKnownFileType = sourcecode.swift; path = iOSProjectShaadiTests.swift; sourceTree = "<group>"; };
		01E201C22C39496200CD0C3C /* iOSProjectShaadiUITests.xctest */ = {isa = PBXFileReference; explicitFileType = wrapper.cfbundle; includeInIndex = 0; path = iOSProjectShaadiUITests.xctest; sourceTree = BUILT_PRODUCTS_DIR; };
		01E201C62C39496200CD0C3C /* iOSProjectShaadiUITests.swift */ = {isa = PBXFileReference; lastKnownFileType = sourcecode.swift; path = iOSProjectShaadiUITests.swift; sourceTree = "<group>"; };
		01E201C82C39496200CD0C3C /* iOSProjectShaadiUITestsLaunchTests.swift */ = {isa = PBXFileReference; lastKnownFileType = sourcecode.swift; path = iOSProjectShaadiUITestsLaunchTests.swift; sourceTree = "<group>"; };
		482B8AA42C4ADDB0003E7F06 /* LoginViewController.swift */ = {isa = PBXFileReference; lastKnownFileType = sourcecode.swift; path = LoginViewController.swift; sourceTree = "<group>"; };
		482B8AAD2C4AE8F3003E7F06 /* KumbhSans-Regular.ttf */ = {isa = PBXFileReference; lastKnownFileType = file; path = "KumbhSans-Regular.ttf"; sourceTree = "<group>"; };
		482B8AB52C4BF1E7003E7F06 /* KumbhSans-SemiBold.ttf */ = {isa = PBXFileReference; lastKnownFileType = file; path = "KumbhSans-SemiBold.ttf"; sourceTree = "<group>"; };
		482B8AB92C4BF25C003E7F06 /* KumbhSans-Medium.ttf */ = {isa = PBXFileReference; lastKnownFileType = file; path = "KumbhSans-Medium.ttf"; sourceTree = "<group>"; };
		482B8ABD2C4BF3F5003E7F06 /* LoginViewModel.swift */ = {isa = PBXFileReference; lastKnownFileType = sourcecode.swift; path = LoginViewModel.swift; sourceTree = "<group>"; };
		48B8D9B12C57631E0033AB30 /* OTPViewController.swift */ = {isa = PBXFileReference; lastKnownFileType = sourcecode.swift; path = OTPViewController.swift; sourceTree = "<group>"; };
		48B8D9B32C6366650033AB30 /* OTPTextField.swift */ = {isa = PBXFileReference; lastKnownFileType = sourcecode.swift; path = OTPTextField.swift; sourceTree = "<group>"; };
		48B8D9B72C6376100033AB30 /* PasswordViewController.swift */ = {isa = PBXFileReference; lastKnownFileType = sourcecode.swift; path = PasswordViewController.swift; sourceTree = "<group>"; };
		B1F1363F2C6DCA1D00CB6F3A /* HorizontalImageCarousel.swift */ = {isa = PBXFileReference; fileEncoding = 4; lastKnownFileType = sourcecode.swift; path = HorizontalImageCarousel.swift; sourceTree = "<group>"; };
		B1F136432C6DCA1D00CB6F3A /* Logger.swift */ = {isa = PBXFileReference; fileEncoding = 4; lastKnownFileType = sourcecode.swift; path = Logger.swift; sourceTree = "<group>"; };
		B1F136452C6DCA1D00CB6F3A /* String+Extension.swift */ = {isa = PBXFileReference; fileEncoding = 4; lastKnownFileType = sourcecode.swift; path = "String+Extension.swift"; sourceTree = "<group>"; };
		B1F136462C6DCA1D00CB6F3A /* UIViewController+Extension.swift */ = {isa = PBXFileReference; fileEncoding = 4; lastKnownFileType = sourcecode.swift; path = "UIViewController+Extension.swift"; sourceTree = "<group>"; };
		B1F136482C6DCA1D00CB6F3A /* Localizable.strings */ = {isa = PBXFileReference; fileEncoding = 4; lastKnownFileType = text.plist.strings; path = Localizable.strings; sourceTree = "<group>"; };
		B1F1364A2C6DCA1D00CB6F3A /* DefaultRouter.swift */ = {isa = PBXFileReference; fileEncoding = 4; lastKnownFileType = sourcecode.swift; path = DefaultRouter.swift; sourceTree = "<group>"; };
		B1F1364B2C6DCA1D00CB6F3A /* TabbarRouterRouter.swift */ = {isa = PBXFileReference; fileEncoding = 4; lastKnownFileType = sourcecode.swift; path = TabbarRouterRouter.swift; sourceTree = "<group>"; };
		B1F1364E2C6DCA1D00CB6F3A /* BadgeSwiftUIView.swift */ = {isa = PBXFileReference; fileEncoding = 4; lastKnownFileType = sourcecode.swift; path = BadgeSwiftUIView.swift; sourceTree = "<group>"; };
		B1F1364F2C6DCA1D00CB6F3A /* ShaadiHorizontalImageCarouselSwiftUIViewConfig.swift */ = {isa = PBXFileReference; fileEncoding = 4; lastKnownFileType = sourcecode.swift; path = ShaadiHorizontalImageCarouselSwiftUIViewConfig.swift; sourceTree = "<group>"; };
		B1F136522C6DCA1E00CB6F3A /* MessengerViewController.swift */ = {isa = PBXFileReference; fileEncoding = 4; lastKnownFileType = sourcecode.swift; path = MessengerViewController.swift; sourceTree = "<group>"; };
		B1F136542C6DCA1E00CB6F3A /* MessengerViewModel.swift */ = {isa = PBXFileReference; fileEncoding = 4; lastKnownFileType = sourcecode.swift; path = MessengerViewModel.swift; sourceTree = "<group>"; };
		B1F136572C6DCA1E00CB6F3A /* TabbarItem.swift */ = {isa = PBXFileReference; fileEncoding = 4; lastKnownFileType = sourcecode.swift; path = TabbarItem.swift; sourceTree = "<group>"; };
		B1F136592C6DCA1E00CB6F3A /* TabBarController.swift */ = {isa = PBXFileReference; fileEncoding = 4; lastKnownFileType = sourcecode.swift; path = TabBarController.swift; sourceTree = "<group>"; };
		B1F1365B2C6DCA1E00CB6F3A /* TabBarViewModel.swift */ = {isa = PBXFileReference; fileEncoding = 4; lastKnownFileType = sourcecode.swift; path = TabBarViewModel.swift; sourceTree = "<group>"; };
/* End PBXFileReference section */

/* Begin PBXFrameworksBuildPhase section */
		01E2019F2C39496000CD0C3C /* Frameworks */ = {
			isa = PBXFrameworksBuildPhase;
			buildActionMask = 2147483647;
			files = (
				ACD9FB272C5A52CA00F4728E /* GoogleSignIn in Frameworks */,
				ACD9FB292C5A52CA00F4728E /* GoogleSignInSwift in Frameworks */,
			);
			runOnlyForDeploymentPostprocessing = 0;
		};
		01E201B52C39496200CD0C3C /* Frameworks */ = {
			isa = PBXFrameworksBuildPhase;
			buildActionMask = 2147483647;
			files = (
			);
			runOnlyForDeploymentPostprocessing = 0;
		};
		01E201BF2C39496200CD0C3C /* Frameworks */ = {
			isa = PBXFrameworksBuildPhase;
			buildActionMask = 2147483647;
			files = (
			);
			runOnlyForDeploymentPostprocessing = 0;
		};
/* End PBXFrameworksBuildPhase section */

/* Begin PBXGroup section */
		01E201992C39496000CD0C3C = {
			isa = PBXGroup;
			children = (
				01E201A42C39496000CD0C3C /* iOSProjectShaadi */,
				01E201BB2C39496200CD0C3C /* iOSProjectShaadiTests */,
				01E201C52C39496200CD0C3C /* iOSProjectShaadiUITests */,
				01E201A32C39496000CD0C3C /* Products */,
			);
			sourceTree = "<group>";
		};
		01E201A32C39496000CD0C3C /* Products */ = {
			isa = PBXGroup;
			children = (
				01E201A22C39496000CD0C3C /* iOSProjectShaadi.app */,
				01E201B82C39496200CD0C3C /* iOSProjectShaadiTests.xctest */,
				01E201C22C39496200CD0C3C /* iOSProjectShaadiUITests.xctest */,
			);
			name = Products;
			sourceTree = "<group>";
		};
		01E201A42C39496000CD0C3C /* iOSProjectShaadi */ = {
			isa = PBXGroup;
			children = (
				B1F136512C6DCA1D00CB6F3A /* DesignSystem */,
				B1F136472C6DCA1D00CB6F3A /* Extenstion */,
				B1F136492C6DCA1D00CB6F3A /* Localized */,
				B1F136442C6DCA1D00CB6F3A /* Logger */,
				B1F136412C6DCA1D00CB6F3A /* Networking */,
				B1F1364D2C6DCA1D00CB6F3A /* Router */,
				B1F1365E2C6DCA1E00CB6F3A /* Screen */,
				01E201A52C39496000CD0C3C /* AppDelegate.swift */,
				01E201A72C39496000CD0C3C /* SceneDelegate.swift */,
				482B8AB42C4BF0F6003E7F06 /* Utilities */,
				01E201AE2C39496200CD0C3C /* Assets.xcassets */,
				01E201B02C39496200CD0C3C /* LaunchScreen.storyboard */,
				01E201B32C39496200CD0C3C /* Info.plist */,
			);
			path = iOSProjectShaadi;
			sourceTree = "<group>";
		};
		01E201BB2C39496200CD0C3C /* iOSProjectShaadiTests */ = {
			isa = PBXGroup;
			children = (
				01E201BC2C39496200CD0C3C /* iOSProjectShaadiTests.swift */,
			);
			path = iOSProjectShaadiTests;
			sourceTree = "<group>";
		};
		01E201C52C39496200CD0C3C /* iOSProjectShaadiUITests */ = {
			isa = PBXGroup;
			children = (
				01E201C62C39496200CD0C3C /* iOSProjectShaadiUITests.swift */,
				01E201C82C39496200CD0C3C /* iOSProjectShaadiUITestsLaunchTests.swift */,
			);
			path = iOSProjectShaadiUITests;
			sourceTree = "<group>";
		};
		01E201D62C3949D600CD0C3C /* Onboarding */ = {
			isa = PBXGroup;
			children = (
				482B8AA52C4ADDB0003E7F06 /* Login */,
			);
			path = Onboarding;
			sourceTree = "<group>";
		};
		482B8AA52C4ADDB0003E7F06 /* Login */ = {
			isa = PBXGroup;
			children = (
				482B8AA42C4ADDB0003E7F06 /* LoginViewController.swift */,
				482B8ABD2C4BF3F5003E7F06 /* LoginViewModel.swift */,
				48B8D9B12C57631E0033AB30 /* OTPViewController.swift */,
				48B8D9B72C6376100033AB30 /* PasswordViewController.swift */,
			);
			path = Login;
			sourceTree = "<group>";
		};
		482B8AA72C4AE6A5003E7F06 /* Fonts */ = {
			isa = PBXGroup;
			children = (
				482B8AB52C4BF1E7003E7F06 /* KumbhSans-SemiBold.ttf */,
				482B8AB92C4BF25C003E7F06 /* KumbhSans-Medium.ttf */,
				482B8AAD2C4AE8F3003E7F06 /* KumbhSans-Regular.ttf */,
			);
			path = Fonts;
			sourceTree = "<group>";
		};
		482B8AB42C4BF0F6003E7F06 /* Utilities */ = {
			isa = PBXGroup;
			children = (
				48B8D9B32C6366650033AB30 /* OTPTextField.swift */,
				482B8AA72C4AE6A5003E7F06 /* Fonts */,
			);
			path = Utilities;
			sourceTree = "<group>";
		};
		B1F136402C6DCA1D00CB6F3A /* Model */ = {
			isa = PBXGroup;
			children = (
				B1F1363F2C6DCA1D00CB6F3A /* HorizontalImageCarousel.swift */,
			);
			path = Model;
			sourceTree = "<group>";
		};
		B1F136412C6DCA1D00CB6F3A /* Networking */ = {
			isa = PBXGroup;
			children = (
				B1F136402C6DCA1D00CB6F3A /* Model */,
			);
			name = Networking;
			path = "Shaadi-iOS/Shaadi-iOS/Networking";
			sourceTree = SOURCE_ROOT;
		};
		B1F136442C6DCA1D00CB6F3A /* Logger */ = {
			isa = PBXGroup;
			children = (
				B1F136432C6DCA1D00CB6F3A /* Logger.swift */,
			);
			name = Logger;
			path = "Shaadi-iOS/Shaadi-iOS/Logger";
			sourceTree = SOURCE_ROOT;
		};
		B1F136472C6DCA1D00CB6F3A /* Extenstion */ = {
			isa = PBXGroup;
			children = (
				B1F136452C6DCA1D00CB6F3A /* String+Extension.swift */,
				B1F136462C6DCA1D00CB6F3A /* UIViewController+Extension.swift */,
			);
			name = Extenstion;
			path = "Shaadi-iOS/Shaadi-iOS/Extenstion";
			sourceTree = SOURCE_ROOT;
		};
		B1F136492C6DCA1D00CB6F3A /* Localized */ = {
			isa = PBXGroup;
			children = (
				B1F136482C6DCA1D00CB6F3A /* Localizable.strings */,
			);
			name = Localized;
			path = "Shaadi-iOS/Shaadi-iOS/Localized";
			sourceTree = SOURCE_ROOT;
		};
		B1F1364C2C6DCA1D00CB6F3A /* DefaultRouter */ = {
			isa = PBXGroup;
			children = (
				B1F1364A2C6DCA1D00CB6F3A /* DefaultRouter.swift */,
				B1F1364B2C6DCA1D00CB6F3A /* TabbarRouterRouter.swift */,
			);
			path = DefaultRouter;
			sourceTree = "<group>";
		};
		B1F1364D2C6DCA1D00CB6F3A /* Router */ = {
			isa = PBXGroup;
			children = (
				B1F1364C2C6DCA1D00CB6F3A /* DefaultRouter */,
			);
			name = Router;
			path = "Shaadi-iOS/Shaadi-iOS/Router";
			sourceTree = SOURCE_ROOT;
		};
		B1F136502C6DCA1D00CB6F3A /* SwiftUI */ = {
			isa = PBXGroup;
			children = (
				B1F1364E2C6DCA1D00CB6F3A /* BadgeSwiftUIView.swift */,
				B1F1364F2C6DCA1D00CB6F3A /* ShaadiHorizontalImageCarouselSwiftUIViewConfig.swift */,
			);
			path = SwiftUI;
			sourceTree = "<group>";
		};
		B1F136512C6DCA1D00CB6F3A /* DesignSystem */ = {
			isa = PBXGroup;
			children = (
				B1F136502C6DCA1D00CB6F3A /* SwiftUI */,
			);
			name = DesignSystem;
			path = "Shaadi-iOS/Shaadi-iOS/DesignSystem";
			sourceTree = SOURCE_ROOT;
		};
		B1F136532C6DCA1E00CB6F3A /* View */ = {
			isa = PBXGroup;
			children = (
				B1F136522C6DCA1E00CB6F3A /* MessengerViewController.swift */,
			);
			path = View;
			sourceTree = "<group>";
		};
		B1F136552C6DCA1E00CB6F3A /* ViewModel */ = {
			isa = PBXGroup;
			children = (
				B1F136542C6DCA1E00CB6F3A /* MessengerViewModel.swift */,
			);
			path = ViewModel;
			sourceTree = "<group>";
		};
		B1F136562C6DCA1E00CB6F3A /* Messenger */ = {
			isa = PBXGroup;
			children = (
				B1F136532C6DCA1E00CB6F3A /* View */,
				B1F136552C6DCA1E00CB6F3A /* ViewModel */,
			);
			path = Messenger;
			sourceTree = "<group>";
		};
		B1F136582C6DCA1E00CB6F3A /* DTO */ = {
			isa = PBXGroup;
			children = (
				B1F136572C6DCA1E00CB6F3A /* TabbarItem.swift */,
			);
			path = DTO;
			sourceTree = "<group>";
		};
		B1F1365A2C6DCA1E00CB6F3A /* View */ = {
			isa = PBXGroup;
			children = (
				B1F136592C6DCA1E00CB6F3A /* TabBarController.swift */,
			);
			path = View;
			sourceTree = "<group>";
		};
		B1F1365C2C6DCA1E00CB6F3A /* ViewModel */ = {
			isa = PBXGroup;
			children = (
				B1F1365B2C6DCA1E00CB6F3A /* TabBarViewModel.swift */,
			);
			path = ViewModel;
			sourceTree = "<group>";
		};
		B1F1365D2C6DCA1E00CB6F3A /* Tabbar */ = {
			isa = PBXGroup;
			children = (
				B1F136582C6DCA1E00CB6F3A /* DTO */,
				B1F1365A2C6DCA1E00CB6F3A /* View */,
				B1F1365C2C6DCA1E00CB6F3A /* ViewModel */,
			);
			path = Tabbar;
			sourceTree = "<group>";
		};
		B1F1365E2C6DCA1E00CB6F3A /* Screen */ = {
			isa = PBXGroup;
			children = (
				01E201D62C3949D600CD0C3C /* Onboarding */,
				B1F136562C6DCA1E00CB6F3A /* Messenger */,
				B1F1365D2C6DCA1E00CB6F3A /* Tabbar */,
			);
			name = Screen;
			path = "Shaadi-iOS/Shaadi-iOS/Screen";
			sourceTree = SOURCE_ROOT;
		};
/* End PBXGroup section */

/* Begin PBXNativeTarget section */
		01E201A12C39496000CD0C3C /* iOSProjectShaadi */ = {
			isa = PBXNativeTarget;
			buildConfigurationList = 01E201CC2C39496200CD0C3C /* Build configuration list for PBXNativeTarget "iOSProjectShaadi" */;
			buildPhases = (
				01E2019E2C39496000CD0C3C /* Sources */,
				01E2019F2C39496000CD0C3C /* Frameworks */,
				01E201A02C39496000CD0C3C /* Resources */,
			);
			buildRules = (
			);
			dependencies = (
			);
			name = iOSProjectShaadi;
			packageProductDependencies = (
				ACD9FB262C5A52CA00F4728E /* GoogleSignIn */,
				ACD9FB282C5A52CA00F4728E /* GoogleSignInSwift */,
			);
			productName = iOSProjectShaadi;
			productReference = 01E201A22C39496000CD0C3C /* iOSProjectShaadi.app */;
			productType = "com.apple.product-type.application";
		};
		01E201B72C39496200CD0C3C /* iOSProjectShaadiTests */ = {
			isa = PBXNativeTarget;
			buildConfigurationList = 01E201CF2C39496200CD0C3C /* Build configuration list for PBXNativeTarget "iOSProjectShaadiTests" */;
			buildPhases = (
				01E201B42C39496200CD0C3C /* Sources */,
				01E201B52C39496200CD0C3C /* Frameworks */,
				01E201B62C39496200CD0C3C /* Resources */,
			);
			buildRules = (
			);
			dependencies = (
				01E201BA2C39496200CD0C3C /* PBXTargetDependency */,
			);
			name = iOSProjectShaadiTests;
			productName = iOSProjectShaadiTests;
			productReference = 01E201B82C39496200CD0C3C /* iOSProjectShaadiTests.xctest */;
			productType = "com.apple.product-type.bundle.unit-test";
		};
		01E201C12C39496200CD0C3C /* iOSProjectShaadiUITests */ = {
			isa = PBXNativeTarget;
			buildConfigurationList = 01E201D22C39496200CD0C3C /* Build configuration list for PBXNativeTarget "iOSProjectShaadiUITests" */;
			buildPhases = (
				01E201BE2C39496200CD0C3C /* Sources */,
				01E201BF2C39496200CD0C3C /* Frameworks */,
				01E201C02C39496200CD0C3C /* Resources */,
			);
			buildRules = (
			);
			dependencies = (
				01E201C42C39496200CD0C3C /* PBXTargetDependency */,
			);
			name = iOSProjectShaadiUITests;
			productName = iOSProjectShaadiUITests;
			productReference = 01E201C22C39496200CD0C3C /* iOSProjectShaadiUITests.xctest */;
			productType = "com.apple.product-type.bundle.ui-testing";
		};
/* End PBXNativeTarget section */

/* Begin PBXProject section */
		01E2019A2C39496000CD0C3C /* Project object */ = {
			isa = PBXProject;
			attributes = {
				BuildIndependentTargetsInParallel = 1;
				LastSwiftUpdateCheck = 1530;
				LastUpgradeCheck = 1530;
				TargetAttributes = {
					01E201A12C39496000CD0C3C = {
						CreatedOnToolsVersion = 15.3;
					};
					01E201B72C39496200CD0C3C = {
						CreatedOnToolsVersion = 15.3;
						TestTargetID = 01E201A12C39496000CD0C3C;
					};
					01E201C12C39496200CD0C3C = {
						CreatedOnToolsVersion = 15.3;
						TestTargetID = 01E201A12C39496000CD0C3C;
					};
				};
			};
			buildConfigurationList = 01E2019D2C39496000CD0C3C /* Build configuration list for PBXProject "iOSProjectShaadi" */;
			compatibilityVersion = "Xcode 14.0";
			developmentRegion = en;
			hasScannedForEncodings = 0;
			knownRegions = (
				en,
				Base,
			);
			mainGroup = 01E201992C39496000CD0C3C;
			packageReferences = (
				ACD9FB252C5A52AE00F4728E /* XCRemoteSwiftPackageReference "GoogleSignIn-iOS" */,
			);
			productRefGroup = 01E201A32C39496000CD0C3C /* Products */;
			projectDirPath = "";
			projectRoot = "";
			targets = (
				01E201A12C39496000CD0C3C /* iOSProjectShaadi */,
				01E201B72C39496200CD0C3C /* iOSProjectShaadiTests */,
				01E201C12C39496200CD0C3C /* iOSProjectShaadiUITests */,
			);
		};
/* End PBXProject section */

/* Begin PBXResourcesBuildPhase section */
		01E201A02C39496000CD0C3C /* Resources */ = {
			isa = PBXResourcesBuildPhase;
			buildActionMask = 2147483647;
			files = (
				482B8AB02C4AE8F3003E7F06 /* KumbhSans-Regular.ttf in Resources */,
				B1F136642C6DCA1E00CB6F3A /* Localizable.strings in Resources */,
				482B8ABB2C4BF25C003E7F06 /* KumbhSans-Medium.ttf in Resources */,
				482B8AB82C4BF1E7003E7F06 /* KumbhSans-SemiBold.ttf in Resources */,
				01E201AF2C39496200CD0C3C /* Assets.xcassets in Resources */,
				01E201B22C39496200CD0C3C /* Base in Resources */,
			);
			runOnlyForDeploymentPostprocessing = 0;
		};
		01E201B62C39496200CD0C3C /* Resources */ = {
			isa = PBXResourcesBuildPhase;
			buildActionMask = 2147483647;
			files = (
				482B8AB22C4AE8F3003E7F06 /* KumbhSans-Regular.ttf in Resources */,
				482B8ABC2C4BF25C003E7F06 /* KumbhSans-Medium.ttf in Resources */,
				482B8AB62C4BF1E7003E7F06 /* KumbhSans-SemiBold.ttf in Resources */,
			);
			runOnlyForDeploymentPostprocessing = 0;
		};
		01E201C02C39496200CD0C3C /* Resources */ = {
			isa = PBXResourcesBuildPhase;
			buildActionMask = 2147483647;
			files = (
				482B8AAE2C4AE8F3003E7F06 /* KumbhSans-Regular.ttf in Resources */,
				482B8ABA2C4BF25C003E7F06 /* KumbhSans-Medium.ttf in Resources */,
				482B8AB72C4BF1E7003E7F06 /* KumbhSans-SemiBold.ttf in Resources */,
			);
			runOnlyForDeploymentPostprocessing = 0;
		};
/* End PBXResourcesBuildPhase section */

/* Begin PBXSourcesBuildPhase section */
		01E2019E2C39496000CD0C3C /* Sources */ = {
			isa = PBXSourcesBuildPhase;
			buildActionMask = 2147483647;
			files = (
				B1F136682C6DCA1E00CB6F3A /* ShaadiHorizontalImageCarouselSwiftUIViewConfig.swift in Sources */,
				B1F136632C6DCA1E00CB6F3A /* UIViewController+Extension.swift in Sources */,
				48B8D9B22C5763250033AB30 /* OTPViewController.swift in Sources */,
				B1F136652C6DCA1E00CB6F3A /* DefaultRouter.swift in Sources */,
				B1F1366A2C6DCA1E00CB6F3A /* MessengerViewModel.swift in Sources */,
				B1F136622C6DCA1E00CB6F3A /* String+Extension.swift in Sources */,
				482B8ABE2C4BF3FB003E7F06 /* LoginViewModel.swift in Sources */,
				B1F136692C6DCA1E00CB6F3A /* MessengerViewController.swift in Sources */,
				B1F136662C6DCA1E00CB6F3A /* TabbarRouterRouter.swift in Sources */,
				B1F1366B2C6DCA1E00CB6F3A /* TabbarItem.swift in Sources */,
				48B8D9B82C6376160033AB30 /* PasswordViewController.swift in Sources */,
				B1F1365F2C6DCA1E00CB6F3A /* HorizontalImageCarousel.swift in Sources */,
				B1F1366C2C6DCA1E00CB6F3A /* TabBarController.swift in Sources */,
				B1F136612C6DCA1E00CB6F3A /* Logger.swift in Sources */,
				482B8AA62C4ADDB0003E7F06 /* LoginViewController.swift in Sources */,
				01E201A62C39496000CD0C3C /* AppDelegate.swift in Sources */,
				B1F136672C6DCA1E00CB6F3A /* BadgeSwiftUIView.swift in Sources */,
				01E201A82C39496000CD0C3C /* SceneDelegate.swift in Sources */,
				B1F1366D2C6DCA1E00CB6F3A /* TabBarViewModel.swift in Sources */,
				48B8D9B52C63666B0033AB30 /* OTPTextField.swift in Sources */,
			);
			runOnlyForDeploymentPostprocessing = 0;
		};
		01E201B42C39496200CD0C3C /* Sources */ = {
			isa = PBXSourcesBuildPhase;
			buildActionMask = 2147483647;
			files = (
				01E201BD2C39496200CD0C3C /* iOSProjectShaadiTests.swift in Sources */,
				48B8D9B62C63666B0033AB30 /* OTPTextField.swift in Sources */,
			);
			runOnlyForDeploymentPostprocessing = 0;
		};
		01E201BE2C39496200CD0C3C /* Sources */ = {
			isa = PBXSourcesBuildPhase;
			buildActionMask = 2147483647;
			files = (
				01E201C92C39496200CD0C3C /* iOSProjectShaadiUITestsLaunchTests.swift in Sources */,
				01E201C72C39496200CD0C3C /* iOSProjectShaadiUITests.swift in Sources */,
				48B8D9B42C63666B0033AB30 /* OTPTextField.swift in Sources */,
			);
			runOnlyForDeploymentPostprocessing = 0;
		};
/* End PBXSourcesBuildPhase section */

/* Begin PBXTargetDependency section */
		01E201BA2C39496200CD0C3C /* PBXTargetDependency */ = {
			isa = PBXTargetDependency;
			target = 01E201A12C39496000CD0C3C /* iOSProjectShaadi */;
			targetProxy = 01E201B92C39496200CD0C3C /* PBXContainerItemProxy */;
		};
		01E201C42C39496200CD0C3C /* PBXTargetDependency */ = {
			isa = PBXTargetDependency;
			target = 01E201A12C39496000CD0C3C /* iOSProjectShaadi */;
			targetProxy = 01E201C32C39496200CD0C3C /* PBXContainerItemProxy */;
		};
/* End PBXTargetDependency section */

/* Begin PBXVariantGroup section */
		01E201B02C39496200CD0C3C /* LaunchScreen.storyboard */ = {
			isa = PBXVariantGroup;
			children = (
				01E201B12C39496200CD0C3C /* Base */,
			);
			name = LaunchScreen.storyboard;
			sourceTree = "<group>";
		};
/* End PBXVariantGroup section */

/* Begin XCBuildConfiguration section */
		01E201CA2C39496200CD0C3C /* Debug */ = {
			isa = XCBuildConfiguration;
			buildSettings = {
				ALWAYS_SEARCH_USER_PATHS = NO;
				ASSETCATALOG_COMPILER_GENERATE_SWIFT_ASSET_SYMBOL_EXTENSIONS = YES;
				CLANG_ANALYZER_NONNULL = YES;
				CLANG_ANALYZER_NUMBER_OBJECT_CONVERSION = YES_AGGRESSIVE;
				CLANG_CXX_LANGUAGE_STANDARD = "gnu++20";
				CLANG_ENABLE_MODULES = YES;
				CLANG_ENABLE_OBJC_ARC = YES;
				CLANG_ENABLE_OBJC_WEAK = YES;
				CLANG_WARN_BLOCK_CAPTURE_AUTORELEASING = YES;
				CLANG_WARN_BOOL_CONVERSION = YES;
				CLANG_WARN_COMMA = YES;
				CLANG_WARN_CONSTANT_CONVERSION = YES;
				CLANG_WARN_DEPRECATED_OBJC_IMPLEMENTATIONS = YES;
				CLANG_WARN_DIRECT_OBJC_ISA_USAGE = YES_ERROR;
				CLANG_WARN_DOCUMENTATION_COMMENTS = YES;
				CLANG_WARN_EMPTY_BODY = YES;
				CLANG_WARN_ENUM_CONVERSION = YES;
				CLANG_WARN_INFINITE_RECURSION = YES;
				CLANG_WARN_INT_CONVERSION = YES;
				CLANG_WARN_NON_LITERAL_NULL_CONVERSION = YES;
				CLANG_WARN_OBJC_IMPLICIT_RETAIN_SELF = YES;
				CLANG_WARN_OBJC_LITERAL_CONVERSION = YES;
				CLANG_WARN_OBJC_ROOT_CLASS = YES_ERROR;
				CLANG_WARN_QUOTED_INCLUDE_IN_FRAMEWORK_HEADER = YES;
				CLANG_WARN_RANGE_LOOP_ANALYSIS = YES;
				CLANG_WARN_STRICT_PROTOTYPES = YES;
				CLANG_WARN_SUSPICIOUS_MOVE = YES;
				CLANG_WARN_UNGUARDED_AVAILABILITY = YES_AGGRESSIVE;
				CLANG_WARN_UNREACHABLE_CODE = YES;
				CLANG_WARN__DUPLICATE_METHOD_MATCH = YES;
				COPY_PHASE_STRIP = NO;
				DEBUG_INFORMATION_FORMAT = dwarf;
				ENABLE_STRICT_OBJC_MSGSEND = YES;
				ENABLE_TESTABILITY = YES;
				ENABLE_USER_SCRIPT_SANDBOXING = YES;
				GCC_C_LANGUAGE_STANDARD = gnu17;
				GCC_DYNAMIC_NO_PIC = NO;
				GCC_NO_COMMON_BLOCKS = YES;
				GCC_OPTIMIZATION_LEVEL = 0;
				GCC_PREPROCESSOR_DEFINITIONS = (
					"DEBUG=1",
					"$(inherited)",
				);
				GCC_WARN_64_TO_32_BIT_CONVERSION = YES;
				GCC_WARN_ABOUT_RETURN_TYPE = YES_ERROR;
				GCC_WARN_UNDECLARED_SELECTOR = YES;
				GCC_WARN_UNINITIALIZED_AUTOS = YES_AGGRESSIVE;
				GCC_WARN_UNUSED_FUNCTION = YES;
				GCC_WARN_UNUSED_VARIABLE = YES;
				IPHONEOS_DEPLOYMENT_TARGET = 17.4;
				LOCALIZATION_PREFERS_STRING_CATALOGS = YES;
				MTL_ENABLE_DEBUG_INFO = INCLUDE_SOURCE;
				MTL_FAST_MATH = YES;
				ONLY_ACTIVE_ARCH = YES;
				SDKROOT = iphoneos;
				SWIFT_ACTIVE_COMPILATION_CONDITIONS = "DEBUG $(inherited)";
				SWIFT_OPTIMIZATION_LEVEL = "-Onone";
			};
			name = Debug;
		};
		01E201CB2C39496200CD0C3C /* Release */ = {
			isa = XCBuildConfiguration;
			buildSettings = {
				ALWAYS_SEARCH_USER_PATHS = NO;
				ASSETCATALOG_COMPILER_GENERATE_SWIFT_ASSET_SYMBOL_EXTENSIONS = YES;
				CLANG_ANALYZER_NONNULL = YES;
				CLANG_ANALYZER_NUMBER_OBJECT_CONVERSION = YES_AGGRESSIVE;
				CLANG_CXX_LANGUAGE_STANDARD = "gnu++20";
				CLANG_ENABLE_MODULES = YES;
				CLANG_ENABLE_OBJC_ARC = YES;
				CLANG_ENABLE_OBJC_WEAK = YES;
				CLANG_WARN_BLOCK_CAPTURE_AUTORELEASING = YES;
				CLANG_WARN_BOOL_CONVERSION = YES;
				CLANG_WARN_COMMA = YES;
				CLANG_WARN_CONSTANT_CONVERSION = YES;
				CLANG_WARN_DEPRECATED_OBJC_IMPLEMENTATIONS = YES;
				CLANG_WARN_DIRECT_OBJC_ISA_USAGE = YES_ERROR;
				CLANG_WARN_DOCUMENTATION_COMMENTS = YES;
				CLANG_WARN_EMPTY_BODY = YES;
				CLANG_WARN_ENUM_CONVERSION = YES;
				CLANG_WARN_INFINITE_RECURSION = YES;
				CLANG_WARN_INT_CONVERSION = YES;
				CLANG_WARN_NON_LITERAL_NULL_CONVERSION = YES;
				CLANG_WARN_OBJC_IMPLICIT_RETAIN_SELF = YES;
				CLANG_WARN_OBJC_LITERAL_CONVERSION = YES;
				CLANG_WARN_OBJC_ROOT_CLASS = YES_ERROR;
				CLANG_WARN_QUOTED_INCLUDE_IN_FRAMEWORK_HEADER = YES;
				CLANG_WARN_RANGE_LOOP_ANALYSIS = YES;
				CLANG_WARN_STRICT_PROTOTYPES = YES;
				CLANG_WARN_SUSPICIOUS_MOVE = YES;
				CLANG_WARN_UNGUARDED_AVAILABILITY = YES_AGGRESSIVE;
				CLANG_WARN_UNREACHABLE_CODE = YES;
				CLANG_WARN__DUPLICATE_METHOD_MATCH = YES;
				COPY_PHASE_STRIP = NO;
				DEBUG_INFORMATION_FORMAT = "dwarf-with-dsym";
				ENABLE_NS_ASSERTIONS = NO;
				ENABLE_STRICT_OBJC_MSGSEND = YES;
				ENABLE_USER_SCRIPT_SANDBOXING = YES;
				GCC_C_LANGUAGE_STANDARD = gnu17;
				GCC_NO_COMMON_BLOCKS = YES;
				GCC_WARN_64_TO_32_BIT_CONVERSION = YES;
				GCC_WARN_ABOUT_RETURN_TYPE = YES_ERROR;
				GCC_WARN_UNDECLARED_SELECTOR = YES;
				GCC_WARN_UNINITIALIZED_AUTOS = YES_AGGRESSIVE;
				GCC_WARN_UNUSED_FUNCTION = YES;
				GCC_WARN_UNUSED_VARIABLE = YES;
				IPHONEOS_DEPLOYMENT_TARGET = 17.4;
				LOCALIZATION_PREFERS_STRING_CATALOGS = YES;
				MTL_ENABLE_DEBUG_INFO = NO;
				MTL_FAST_MATH = YES;
				SDKROOT = iphoneos;
				SWIFT_COMPILATION_MODE = wholemodule;
				VALIDATE_PRODUCT = YES;
			};
			name = Release;
		};
		01E201CD2C39496200CD0C3C /* Debug */ = {
			isa = XCBuildConfiguration;
			buildSettings = {
				ASSETCATALOG_COMPILER_APPICON_NAME = AppIcon;
				ASSETCATALOG_COMPILER_GLOBAL_ACCENT_COLOR_NAME = AccentColor;
				CODE_SIGN_STYLE = Automatic;
				CURRENT_PROJECT_VERSION = 1;
				DEVELOPMENT_TEAM = 63N9M44LL4;
				GENERATE_INFOPLIST_FILE = YES;
				INFOPLIST_FILE = iOSProjectShaadi/Info.plist;
				INFOPLIST_KEY_UIApplicationSupportsIndirectInputEvents = YES;
				INFOPLIST_KEY_UILaunchStoryboardName = LaunchScreen;
				INFOPLIST_KEY_UIMainStoryboardFile = "";
				INFOPLIST_KEY_UISupportedInterfaceOrientations_iPad = "UIInterfaceOrientationPortrait UIInterfaceOrientationPortraitUpsideDown UIInterfaceOrientationLandscapeLeft UIInterfaceOrientationLandscapeRight";
				INFOPLIST_KEY_UISupportedInterfaceOrientations_iPhone = "UIInterfaceOrientationPortrait UIInterfaceOrientationLandscapeLeft UIInterfaceOrientationLandscapeRight";
				LD_RUNPATH_SEARCH_PATHS = (
					"$(inherited)",
					"@executable_path/Frameworks",
				);
				MARKETING_VERSION = 1.0;
				PRODUCT_BUNDLE_IDENTIFIER = com.internlabs.iOSProjectShaadi;
				PRODUCT_NAME = "$(TARGET_NAME)";
				SWIFT_EMIT_LOC_STRINGS = YES;
				SWIFT_VERSION = 5.0;
				TARGETED_DEVICE_FAMILY = "1,2";
			};
			name = Debug;
		};
		01E201CE2C39496200CD0C3C /* Release */ = {
			isa = XCBuildConfiguration;
			buildSettings = {
				ASSETCATALOG_COMPILER_APPICON_NAME = AppIcon;
				ASSETCATALOG_COMPILER_GLOBAL_ACCENT_COLOR_NAME = AccentColor;
				CODE_SIGN_STYLE = Automatic;
				CURRENT_PROJECT_VERSION = 1;
				DEVELOPMENT_TEAM = 63N9M44LL4;
				GENERATE_INFOPLIST_FILE = YES;
				INFOPLIST_FILE = iOSProjectShaadi/Info.plist;
				INFOPLIST_KEY_UIApplicationSupportsIndirectInputEvents = YES;
				INFOPLIST_KEY_UILaunchStoryboardName = LaunchScreen;
				INFOPLIST_KEY_UIMainStoryboardFile = "";
				INFOPLIST_KEY_UISupportedInterfaceOrientations_iPad = "UIInterfaceOrientationPortrait UIInterfaceOrientationPortraitUpsideDown UIInterfaceOrientationLandscapeLeft UIInterfaceOrientationLandscapeRight";
				INFOPLIST_KEY_UISupportedInterfaceOrientations_iPhone = "UIInterfaceOrientationPortrait UIInterfaceOrientationLandscapeLeft UIInterfaceOrientationLandscapeRight";
				LD_RUNPATH_SEARCH_PATHS = (
					"$(inherited)",
					"@executable_path/Frameworks",
				);
				MARKETING_VERSION = 1.0;
				PRODUCT_BUNDLE_IDENTIFIER = com.internlabs.iOSProjectShaadi;
				PRODUCT_NAME = "$(TARGET_NAME)";
				SWIFT_EMIT_LOC_STRINGS = YES;
				SWIFT_VERSION = 5.0;
				TARGETED_DEVICE_FAMILY = "1,2";
			};
			name = Release;
		};
		01E201D02C39496200CD0C3C /* Debug */ = {
			isa = XCBuildConfiguration;
			buildSettings = {
				ALWAYS_EMBED_SWIFT_STANDARD_LIBRARIES = YES;
				BUNDLE_LOADER = "$(TEST_HOST)";
				CODE_SIGN_STYLE = Automatic;
				CURRENT_PROJECT_VERSION = 1;
				DEVELOPMENT_TEAM = RJ4T3D7449;
				GENERATE_INFOPLIST_FILE = YES;
				IPHONEOS_DEPLOYMENT_TARGET = 17.4;
				MARKETING_VERSION = 1.0;
				PRODUCT_BUNDLE_IDENTIFIER = com.internlabs.iOSProjectShaadiTests;
				PRODUCT_NAME = "$(TARGET_NAME)";
				SWIFT_EMIT_LOC_STRINGS = NO;
				SWIFT_VERSION = 5.0;
				TARGETED_DEVICE_FAMILY = "1,2";
				TEST_HOST = "$(BUILT_PRODUCTS_DIR)/iOSProjectShaadi.app/$(BUNDLE_EXECUTABLE_FOLDER_PATH)/iOSProjectShaadi";
			};
			name = Debug;
		};
		01E201D12C39496200CD0C3C /* Release */ = {
			isa = XCBuildConfiguration;
			buildSettings = {
				ALWAYS_EMBED_SWIFT_STANDARD_LIBRARIES = YES;
				BUNDLE_LOADER = "$(TEST_HOST)";
				CODE_SIGN_STYLE = Automatic;
				CURRENT_PROJECT_VERSION = 1;
				DEVELOPMENT_TEAM = RJ4T3D7449;
				GENERATE_INFOPLIST_FILE = YES;
				IPHONEOS_DEPLOYMENT_TARGET = 17.4;
				MARKETING_VERSION = 1.0;
				PRODUCT_BUNDLE_IDENTIFIER = com.internlabs.iOSProjectShaadiTests;
				PRODUCT_NAME = "$(TARGET_NAME)";
				SWIFT_EMIT_LOC_STRINGS = NO;
				SWIFT_VERSION = 5.0;
				TARGETED_DEVICE_FAMILY = "1,2";
				TEST_HOST = "$(BUILT_PRODUCTS_DIR)/iOSProjectShaadi.app/$(BUNDLE_EXECUTABLE_FOLDER_PATH)/iOSProjectShaadi";
			};
			name = Release;
		};
		01E201D32C39496200CD0C3C /* Debug */ = {
			isa = XCBuildConfiguration;
			buildSettings = {
				ALWAYS_EMBED_SWIFT_STANDARD_LIBRARIES = YES;
				CODE_SIGN_STYLE = Automatic;
				CURRENT_PROJECT_VERSION = 1;
				DEVELOPMENT_TEAM = RJ4T3D7449;
				GENERATE_INFOPLIST_FILE = YES;
				MARKETING_VERSION = 1.0;
				PRODUCT_BUNDLE_IDENTIFIER = com.internlabs.iOSProjectShaadiUITests;
				PRODUCT_NAME = "$(TARGET_NAME)";
				SWIFT_EMIT_LOC_STRINGS = NO;
				SWIFT_VERSION = 5.0;
				TARGETED_DEVICE_FAMILY = "1,2";
				TEST_TARGET_NAME = iOSProjectShaadi;
			};
			name = Debug;
		};
		01E201D42C39496200CD0C3C /* Release */ = {
			isa = XCBuildConfiguration;
			buildSettings = {
				ALWAYS_EMBED_SWIFT_STANDARD_LIBRARIES = YES;
				CODE_SIGN_STYLE = Automatic;
				CURRENT_PROJECT_VERSION = 1;
				DEVELOPMENT_TEAM = RJ4T3D7449;
				GENERATE_INFOPLIST_FILE = YES;
				MARKETING_VERSION = 1.0;
				PRODUCT_BUNDLE_IDENTIFIER = com.internlabs.iOSProjectShaadiUITests;
				PRODUCT_NAME = "$(TARGET_NAME)";
				SWIFT_EMIT_LOC_STRINGS = NO;
				SWIFT_VERSION = 5.0;
				TARGETED_DEVICE_FAMILY = "1,2";
				TEST_TARGET_NAME = iOSProjectShaadi;
			};
			name = Release;
		};
/* End XCBuildConfiguration section */

/* Begin XCConfigurationList section */
		01E2019D2C39496000CD0C3C /* Build configuration list for PBXProject "iOSProjectShaadi" */ = {
			isa = XCConfigurationList;
			buildConfigurations = (
				01E201CA2C39496200CD0C3C /* Debug */,
				01E201CB2C39496200CD0C3C /* Release */,
			);
			defaultConfigurationIsVisible = 0;
			defaultConfigurationName = Release;
		};
		01E201CC2C39496200CD0C3C /* Build configuration list for PBXNativeTarget "iOSProjectShaadi" */ = {
			isa = XCConfigurationList;
			buildConfigurations = (
				01E201CD2C39496200CD0C3C /* Debug */,
				01E201CE2C39496200CD0C3C /* Release */,
			);
			defaultConfigurationIsVisible = 0;
			defaultConfigurationName = Release;
		};
		01E201CF2C39496200CD0C3C /* Build configuration list for PBXNativeTarget "iOSProjectShaadiTests" */ = {
			isa = XCConfigurationList;
			buildConfigurations = (
				01E201D02C39496200CD0C3C /* Debug */,
				01E201D12C39496200CD0C3C /* Release */,
			);
			defaultConfigurationIsVisible = 0;
			defaultConfigurationName = Release;
		};
		01E201D22C39496200CD0C3C /* Build configuration list for PBXNativeTarget "iOSProjectShaadiUITests" */ = {
			isa = XCConfigurationList;
			buildConfigurations = (
				01E201D32C39496200CD0C3C /* Debug */,
				01E201D42C39496200CD0C3C /* Release */,
			);
			defaultConfigurationIsVisible = 0;
			defaultConfigurationName = Release;
		};
/* End XCConfigurationList section */

/* Begin XCRemoteSwiftPackageReference section */
		ACD9FB252C5A52AE00F4728E /* XCRemoteSwiftPackageReference "GoogleSignIn-iOS" */ = {
			isa = XCRemoteSwiftPackageReference;
			repositoryURL = "https://github.com/google/GoogleSignIn-iOS";
			requirement = {
				kind = upToNextMajorVersion;
				minimumVersion = 7.1.0;
			};
		};
/* End XCRemoteSwiftPackageReference section */

/* Begin XCSwiftPackageProductDependency section */
		ACD9FB262C5A52CA00F4728E /* GoogleSignIn */ = {
			isa = XCSwiftPackageProductDependency;
			package = ACD9FB252C5A52AE00F4728E /* XCRemoteSwiftPackageReference "GoogleSignIn-iOS" */;
			productName = GoogleSignIn;
		};
		ACD9FB282C5A52CA00F4728E /* GoogleSignInSwift */ = {
			isa = XCSwiftPackageProductDependency;
			package = ACD9FB252C5A52AE00F4728E /* XCRemoteSwiftPackageReference "GoogleSignIn-iOS" */;
			productName = GoogleSignInSwift;
		};
/* End XCSwiftPackageProductDependency section */
	};
	rootObject = 01E2019A2C39496000CD0C3C /* Project object */;
}
